
Microsoft Visual Studio Solution File, Format Version 12.00
# Visual Studio 15
VisualStudioVersion = 15.0.28307.421
MinimumVisualStudioVersion = 10.0.40219.1
Project("{FAE04EC0-301F-11D3-BF4B-00C04F79EFBC}") = "EgitiMCN", "EgitiMCN\EgitiMCN.csproj", "{026759B2-4C12-471F-B52F-F419058AE31B}"
EndProject
Global
	GlobalSection(SolutionConfigurationPlatforms) = preSolution
		Debug|Any CPU = Debug|Any CPU
		Release|Any CPU = Release|Any CPU
	EndGlobalSection
	GlobalSection(ProjectConfigurationPlatforms) = postSolution
		{026759B2-4C12-471F-B52F-F419058AE31B}.Debug|Any CPU.ActiveCfg = Debug|Any CPU
		{026759B2-4C12-471F-B52F-F419058AE31B}.Debug|Any CPU.Build.0 = Debug|Any CPU
		{026759B2-4C12-471F-B52F-F419058AE31B}.Release|Any CPU.ActiveCfg = Release|Any CPU
		{026759B2-4C12-471F-B52F-F419058AE31B}.Release|Any CPU.Build.0 = Release|Any CPU
	EndGlobalSection
	GlobalSection(SolutionProperties) = preSolution
		HideSolutionNode = FALSE
	EndGlobalSection
	GlobalSection(ExtensibilityGlobals) = postSolution
		SolutionGuid = {654CCC55-C7AB-4341-A814-FC785423818D}
	EndGlobalSection
EndGlobal
